// !$*UTF8*$!
{
	archiveVersion = 1;
	classes = {
	};
	objectVersion = 48;
	objects = {

/* Begin PBXBuildFile section */
		69CDEAFF2357237A001F93A5 /* AppDelegate.swift in Sources */ = {isa = PBXBuildFile; fileRef = 69CDEAFE2357237A001F93A5 /* AppDelegate.swift */; };
		69CDEB012357237A001F93A5 /* ViewController.swift in Sources */ = {isa = PBXBuildFile; fileRef = 69CDEB002357237A001F93A5 /* ViewController.swift */; };
		69CDEB042357237A001F93A5 /* Main.storyboard in Resources */ = {isa = PBXBuildFile; fileRef = 69CDEB022357237A001F93A5 /* Main.storyboard */; };
		69CDEB062357237B001F93A5 /* Assets.xcassets in Resources */ = {isa = PBXBuildFile; fileRef = 69CDEB052357237B001F93A5 /* Assets.xcassets */; };
		69CDEB092357237B001F93A5 /* LaunchScreen.storyboard in Resources */ = {isa = PBXBuildFile; fileRef = 69CDEB072357237B001F93A5 /* LaunchScreen.storyboard */; };
		69CDEB0E2357237B001F93A5 /* testPNWithProject WatchKit App.app in Embed Watch Content */ = {isa = PBXBuildFile; fileRef = 69CDEB0D2357237B001F93A5 /* testPNWithProject WatchKit App.app */; };
		69CDEB142357237B001F93A5 /* Interface.storyboard in Resources */ = {isa = PBXBuildFile; fileRef = 69CDEB122357237B001F93A5 /* Interface.storyboard */; };
		69CDEB162357237B001F93A5 /* Assets.xcassets in Resources */ = {isa = PBXBuildFile; fileRef = 69CDEB152357237B001F93A5 /* Assets.xcassets */; };
		69CDEB1D2357237B001F93A5 /* testPNWithProject WatchKit Extension.appex in Embed App Extensions */ = {isa = PBXBuildFile; fileRef = 69CDEB1C2357237B001F93A5 /* testPNWithProject WatchKit Extension.appex */; settings = {ATTRIBUTES = (RemoveHeadersOnCopy, ); }; };
		69CDEB222357237C001F93A5 /* InterfaceController.swift in Sources */ = {isa = PBXBuildFile; fileRef = 69CDEB212357237C001F93A5 /* InterfaceController.swift */; };
		69CDEB242357237C001F93A5 /* ExtensionDelegate.swift in Sources */ = {isa = PBXBuildFile; fileRef = 69CDEB232357237C001F93A5 /* ExtensionDelegate.swift */; };
		69CDEB262357237C001F93A5 /* NotificationController.swift in Sources */ = {isa = PBXBuildFile; fileRef = 69CDEB252357237C001F93A5 /* NotificationController.swift */; };
		69CDEB282357237C001F93A5 /* Assets.xcassets in Resources */ = {isa = PBXBuildFile; fileRef = 69CDEB272357237C001F93A5 /* Assets.xcassets */; };
/* End PBXBuildFile section */

/* Begin PBXContainerItemProxy section */
		69CDEB0F2357237B001F93A5 /* PBXContainerItemProxy */ = {
			isa = PBXContainerItemProxy;
			containerPortal = 69CDEAF32357237A001F93A5 /* Project object */;
			proxyType = 1;
			remoteGlobalIDString = 69CDEB0C2357237B001F93A5;
			remoteInfo = "testPNWithProject WatchKit App";
		};
		69CDEB1E2357237B001F93A5 /* PBXContainerItemProxy */ = {
			isa = PBXContainerItemProxy;
			containerPortal = 69CDEAF32357237A001F93A5 /* Project object */;
			proxyType = 1;
			remoteGlobalIDString = 69CDEB1B2357237B001F93A5;
			remoteInfo = "testPNWithProject WatchKit Extension";
		};
/* End PBXContainerItemProxy section */

/* Begin PBXCopyFilesBuildPhase section */
		69CDEB302357237D001F93A5 /* Embed App Extensions */ = {
			isa = PBXCopyFilesBuildPhase;
			buildActionMask = 2147483647;
			dstPath = "";
			dstSubfolderSpec = 13;
			files = (
				69CDEB1D2357237B001F93A5 /* testPNWithProject WatchKit Extension.appex in Embed App Extensions */,
			);
			name = "Embed App Extensions";
			runOnlyForDeploymentPostprocessing = 0;
		};
		69CDEB342357237D001F93A5 /* Embed Watch Content */ = {
			isa = PBXCopyFilesBuildPhase;
			buildActionMask = 2147483647;
			dstPath = "$(CONTENTS_FOLDER_PATH)/Watch";
			dstSubfolderSpec = 16;
			files = (
				69CDEB0E2357237B001F93A5 /* testPNWithProject WatchKit App.app in Embed Watch Content */,
			);
			name = "Embed Watch Content";
			runOnlyForDeploymentPostprocessing = 0;
		};
/* End PBXCopyFilesBuildPhase section */

/* Begin PBXFileReference section */
		69CDEAFB2357237A001F93A5 /* testPNWithProject.app */ = {isa = PBXFileReference; explicitFileType = wrapper.application; includeInIndex = 0; path = testPNWithProject.app; sourceTree = BUILT_PRODUCTS_DIR; };
		69CDEAFE2357237A001F93A5 /* AppDelegate.swift */ = {isa = PBXFileReference; lastKnownFileType = sourcecode.swift; path = AppDelegate.swift; sourceTree = "<group>"; };
		69CDEB002357237A001F93A5 /* ViewController.swift */ = {isa = PBXFileReference; lastKnownFileType = sourcecode.swift; path = ViewController.swift; sourceTree = "<group>"; };
		69CDEB032357237A001F93A5 /* Base */ = {isa = PBXFileReference; lastKnownFileType = file.storyboard; name = Base; path = Base.lproj/Main.storyboard; sourceTree = "<group>"; };
		69CDEB052357237B001F93A5 /* Assets.xcassets */ = {isa = PBXFileReference; lastKnownFileType = folder.assetcatalog; path = Assets.xcassets; sourceTree = "<group>"; };
		69CDEB082357237B001F93A5 /* Base */ = {isa = PBXFileReference; lastKnownFileType = file.storyboard; name = Base; path = Base.lproj/LaunchScreen.storyboard; sourceTree = "<group>"; };
		69CDEB0A2357237B001F93A5 /* Info.plist */ = {isa = PBXFileReference; lastKnownFileType = text.plist.xml; path = Info.plist; sourceTree = "<group>"; };
		69CDEB0D2357237B001F93A5 /* testPNWithProject WatchKit App.app */ = {isa = PBXFileReference; explicitFileType = wrapper.application; includeInIndex = 0; path = "testPNWithProject WatchKit App.app"; sourceTree = BUILT_PRODUCTS_DIR; };
		69CDEB132357237B001F93A5 /* Base */ = {isa = PBXFileReference; lastKnownFileType = file.storyboard; name = Base; path = Base.lproj/Interface.storyboard; sourceTree = "<group>"; };
		69CDEB152357237B001F93A5 /* Assets.xcassets */ = {isa = PBXFileReference; lastKnownFileType = folder.assetcatalog; path = Assets.xcassets; sourceTree = "<group>"; };
		69CDEB172357237B001F93A5 /* Info.plist */ = {isa = PBXFileReference; lastKnownFileType = text.plist.xml; path = Info.plist; sourceTree = "<group>"; };
		69CDEB1C2357237B001F93A5 /* testPNWithProject WatchKit Extension.appex */ = {isa = PBXFileReference; explicitFileType = "wrapper.app-extension"; includeInIndex = 0; path = "testPNWithProject WatchKit Extension.appex"; sourceTree = BUILT_PRODUCTS_DIR; };
		69CDEB212357237C001F93A5 /* InterfaceController.swift */ = {isa = PBXFileReference; lastKnownFileType = sourcecode.swift; path = InterfaceController.swift; sourceTree = "<group>"; };
		69CDEB232357237C001F93A5 /* ExtensionDelegate.swift */ = {isa = PBXFileReference; lastKnownFileType = sourcecode.swift; path = ExtensionDelegate.swift; sourceTree = "<group>"; };
		69CDEB252357237C001F93A5 /* NotificationController.swift */ = {isa = PBXFileReference; lastKnownFileType = sourcecode.swift; path = NotificationController.swift; sourceTree = "<group>"; };
		69CDEB272357237C001F93A5 /* Assets.xcassets */ = {isa = PBXFileReference; lastKnownFileType = folder.assetcatalog; path = Assets.xcassets; sourceTree = "<group>"; };
		69CDEB292357237C001F93A5 /* Info.plist */ = {isa = PBXFileReference; lastKnownFileType = text.plist.xml; path = Info.plist; sourceTree = "<group>"; };
		69CDEB2A2357237D001F93A5 /* PushNotificationPayload.apns */ = {isa = PBXFileReference; lastKnownFileType = text; path = PushNotificationPayload.apns; sourceTree = "<group>"; };
/* End PBXFileReference section */

/* Begin PBXFrameworksBuildPhase section */
		69CDEAF82357237A001F93A5 /* Frameworks */ = {
			isa = PBXFrameworksBuildPhase;
			buildActionMask = 2147483647;
			files = (
			);
			runOnlyForDeploymentPostprocessing = 0;
		};
		69CDEB192357237B001F93A5 /* Frameworks */ = {
			isa = PBXFrameworksBuildPhase;
			buildActionMask = 2147483647;
			files = (
			);
			runOnlyForDeploymentPostprocessing = 0;
		};
/* End PBXFrameworksBuildPhase section */

/* Begin PBXGroup section */
		69CDEAF223572379001F93A5 = {
			isa = PBXGroup;
			children = (
				69CDEAFD2357237A001F93A5 /* testPNWithProject */,
				69CDEB112357237B001F93A5 /* testPNWithProject WatchKit App */,
				69CDEB202357237C001F93A5 /* testPNWithProject WatchKit Extension */,
				69CDEAFC2357237A001F93A5 /* Products */,
			);
			sourceTree = "<group>";
		};
		69CDEAFC2357237A001F93A5 /* Products */ = {
			isa = PBXGroup;
			children = (
				69CDEAFB2357237A001F93A5 /* testPNWithProject.app */,
				69CDEB0D2357237B001F93A5 /* testPNWithProject WatchKit App.app */,
				69CDEB1C2357237B001F93A5 /* testPNWithProject WatchKit Extension.appex */,
			);
			name = Products;
			sourceTree = "<group>";
		};
		69CDEAFD2357237A001F93A5 /* testPNWithProject */ = {
			isa = PBXGroup;
			children = (
				69CDEAFE2357237A001F93A5 /* AppDelegate.swift */,
				69CDEB002357237A001F93A5 /* ViewController.swift */,
				69CDEB022357237A001F93A5 /* Main.storyboard */,
				69CDEB052357237B001F93A5 /* Assets.xcassets */,
				69CDEB072357237B001F93A5 /* LaunchScreen.storyboard */,
				69CDEB0A2357237B001F93A5 /* Info.plist */,
			);
			path = testPNWithProject;
			sourceTree = "<group>";
		};
		69CDEB112357237B001F93A5 /* testPNWithProject WatchKit App */ = {
			isa = PBXGroup;
			children = (
				69CDEB122357237B001F93A5 /* Interface.storyboard */,
				69CDEB152357237B001F93A5 /* Assets.xcassets */,
				69CDEB172357237B001F93A5 /* Info.plist */,
			);
			path = "testPNWithProject WatchKit App";
			sourceTree = "<group>";
		};
		69CDEB202357237C001F93A5 /* testPNWithProject WatchKit Extension */ = {
			isa = PBXGroup;
			children = (
				69CDEB212357237C001F93A5 /* InterfaceController.swift */,
				69CDEB232357237C001F93A5 /* ExtensionDelegate.swift */,
				69CDEB252357237C001F93A5 /* NotificationController.swift */,
				69CDEB272357237C001F93A5 /* Assets.xcassets */,
				69CDEB292357237C001F93A5 /* Info.plist */,
				69CDEB2A2357237D001F93A5 /* PushNotificationPayload.apns */,
			);
			path = "testPNWithProject WatchKit Extension";
			sourceTree = "<group>";
		};
/* End PBXGroup section */

/* Begin PBXNativeTarget section */
		69CDEAFA2357237A001F93A5 /* testPNWithProject */ = {
			isa = PBXNativeTarget;
			buildConfigurationList = 69CDEB352357237D001F93A5 /* Build configuration list for PBXNativeTarget "testPNWithProject" */;
			buildPhases = (
				69CDEAF72357237A001F93A5 /* Sources */,
				69CDEAF82357237A001F93A5 /* Frameworks */,
				69CDEAF92357237A001F93A5 /* Resources */,
				69CDEB342357237D001F93A5 /* Embed Watch Content */,
			);
			buildRules = (
			);
			dependencies = (
				69CDEB102357237B001F93A5 /* PBXTargetDependency */,
			);
			name = testPNWithProject;
			productName = testPNWithProject;
			productReference = 69CDEAFB2357237A001F93A5 /* testPNWithProject.app */;
			productType = "com.apple.product-type.application";
		};
		69CDEB0C2357237B001F93A5 /* testPNWithProject WatchKit App */ = {
			isa = PBXNativeTarget;
			buildConfigurationList = 69CDEB312357237D001F93A5 /* Build configuration list for PBXNativeTarget "testPNWithProject WatchKit App" */;
			buildPhases = (
				69CDEB0B2357237B001F93A5 /* Resources */,
				69CDEB302357237D001F93A5 /* Embed App Extensions */,
			);
			buildRules = (
			);
			dependencies = (
				69CDEB1F2357237B001F93A5 /* PBXTargetDependency */,
			);
			name = "testPNWithProject WatchKit App";
			productName = "testPNWithProject WatchKit App";
			productReference = 69CDEB0D2357237B001F93A5 /* testPNWithProject WatchKit App.app */;
			productType = "com.apple.product-type.application.watchapp2";
		};
		69CDEB1B2357237B001F93A5 /* testPNWithProject WatchKit Extension */ = {
			isa = PBXNativeTarget;
			buildConfigurationList = 69CDEB2D2357237D001F93A5 /* Build configuration list for PBXNativeTarget "testPNWithProject WatchKit Extension" */;
			buildPhases = (
				69CDEB182357237B001F93A5 /* Sources */,
				69CDEB192357237B001F93A5 /* Frameworks */,
				69CDEB1A2357237B001F93A5 /* Resources */,
			);
			buildRules = (
			);
			dependencies = (
			);
			name = "testPNWithProject WatchKit Extension";
			productName = "testPNWithProject WatchKit Extension";
			productReference = 69CDEB1C2357237B001F93A5 /* testPNWithProject WatchKit Extension.appex */;
			productType = "com.apple.product-type.watchkit2-extension";
		};
/* End PBXNativeTarget section */

/* Begin PBXProject section */
		69CDEAF32357237A001F93A5 /* Project object */ = {
			isa = PBXProject;
			attributes = {
				LastSwiftUpdateCheck = 0900;
				LastUpgradeCheck = 0900;
				ORGANIZATIONNAME = Sarmady;
				TargetAttributes = {
					69CDEAFA2357237A001F93A5 = {
						CreatedOnToolsVersion = 9.0;
						ProvisioningStyle = Automatic;
					};
					69CDEB0C2357237B001F93A5 = {
						CreatedOnToolsVersion = 9.0;
						ProvisioningStyle = Automatic;
					};
					69CDEB1B2357237B001F93A5 = {
						CreatedOnToolsVersion = 9.0;
						ProvisioningStyle = Automatic;
					};
				};
			};
			buildConfigurationList = 69CDEAF62357237A001F93A5 /* Build configuration list for PBXProject "testPNWithProject" */;
			compatibilityVersion = "Xcode 8.0";
			developmentRegion = en;
			hasScannedForEncodings = 0;
			knownRegions = (
				en,
				Base,
			);
			mainGroup = 69CDEAF223572379001F93A5;
			productRefGroup = 69CDEAFC2357237A001F93A5 /* Products */;
			projectDirPath = "";
			projectRoot = "";
			targets = (
				69CDEAFA2357237A001F93A5 /* testPNWithProject */,
				69CDEB0C2357237B001F93A5 /* testPNWithProject WatchKit App */,
				69CDEB1B2357237B001F93A5 /* testPNWithProject WatchKit Extension */,
			);
		};
/* End PBXProject section */

/* Begin PBXResourcesBuildPhase section */
		69CDEAF92357237A001F93A5 /* Resources */ = {
			isa = PBXResourcesBuildPhase;
			buildActionMask = 2147483647;
			files = (
				69CDEB092357237B001F93A5 /* LaunchScreen.storyboard in Resources */,
				69CDEB062357237B001F93A5 /* Assets.xcassets in Resources */,
				69CDEB042357237A001F93A5 /* Main.storyboard in Resources */,
			);
			runOnlyForDeploymentPostprocessing = 0;
		};
		69CDEB0B2357237B001F93A5 /* Resources */ = {
			isa = PBXResourcesBuildPhase;
			buildActionMask = 2147483647;
			files = (
				69CDEB162357237B001F93A5 /* Assets.xcassets in Resources */,
				69CDEB142357237B001F93A5 /* Interface.storyboard in Resources */,
			);
			runOnlyForDeploymentPostprocessing = 0;
		};
		69CDEB1A2357237B001F93A5 /* Resources */ = {
			isa = PBXResourcesBuildPhase;
			buildActionMask = 2147483647;
			files = (
				69CDEB282357237C001F93A5 /* Assets.xcassets in Resources */,
			);
			runOnlyForDeploymentPostprocessing = 0;
		};
/* End PBXResourcesBuildPhase section */

/* Begin PBXSourcesBuildPhase section */
		69CDEAF72357237A001F93A5 /* Sources */ = {
			isa = PBXSourcesBuildPhase;
			buildActionMask = 2147483647;
			files = (
				69CDEB012357237A001F93A5 /* ViewController.swift in Sources */,
				69CDEAFF2357237A001F93A5 /* AppDelegate.swift in Sources */,
			);
			runOnlyForDeploymentPostprocessing = 0;
		};
		69CDEB182357237B001F93A5 /* Sources */ = {
			isa = PBXSourcesBuildPhase;
			buildActionMask = 2147483647;
			files = (
				69CDEB262357237C001F93A5 /* NotificationController.swift in Sources */,
				69CDEB242357237C001F93A5 /* ExtensionDelegate.swift in Sources */,
				69CDEB222357237C001F93A5 /* InterfaceController.swift in Sources */,
			);
			runOnlyForDeploymentPostprocessing = 0;
		};
/* End PBXSourcesBuildPhase section */

/* Begin PBXTargetDependency section */
		69CDEB102357237B001F93A5 /* PBXTargetDependency */ = {
			isa = PBXTargetDependency;
			target = 69CDEB0C2357237B001F93A5 /* testPNWithProject WatchKit App */;
			targetProxy = 69CDEB0F2357237B001F93A5 /* PBXContainerItemProxy */;
		};
		69CDEB1F2357237B001F93A5 /* PBXTargetDependency */ = {
			isa = PBXTargetDependency;
			target = 69CDEB1B2357237B001F93A5 /* testPNWithProject WatchKit Extension */;
			targetProxy = 69CDEB1E2357237B001F93A5 /* PBXContainerItemProxy */;
		};
/* End PBXTargetDependency section */

/* Begin PBXVariantGroup section */
		69CDEB022357237A001F93A5 /* Main.storyboard */ = {
			isa = PBXVariantGroup;
			children = (
				69CDEB032357237A001F93A5 /* Base */,
			);
			name = Main.storyboard;
			sourceTree = "<group>";
		};
		69CDEB072357237B001F93A5 /* LaunchScreen.storyboard */ = {
			isa = PBXVariantGroup;
			children = (
				69CDEB082357237B001F93A5 /* Base */,
			);
			name = LaunchScreen.storyboard;
			sourceTree = "<group>";
		};
		69CDEB122357237B001F93A5 /* Interface.storyboard */ = {
			isa = PBXVariantGroup;
			children = (
				69CDEB132357237B001F93A5 /* Base */,
			);
			name = Interface.storyboard;
			sourceTree = "<group>";
		};
/* End PBXVariantGroup section */

/* Begin XCBuildConfiguration section */
		69CDEB2B2357237D001F93A5 /* Debug */ = {
			isa = XCBuildConfiguration;
			buildSettings = {
				ALWAYS_SEARCH_USER_PATHS = NO;
				CLANG_ANALYZER_NONNULL = YES;
				CLANG_ANALYZER_NUMBER_OBJECT_CONVERSION = YES_AGGRESSIVE;
				CLANG_CXX_LANGUAGE_STANDARD = "gnu++14";
				CLANG_CXX_LIBRARY = "libc++";
				CLANG_ENABLE_MODULES = YES;
				CLANG_ENABLE_OBJC_ARC = YES;
				CLANG_WARN_BLOCK_CAPTURE_AUTORELEASING = YES;
				CLANG_WARN_BOOL_CONVERSION = YES;
				CLANG_WARN_COMMA = YES;
				CLANG_WARN_CONSTANT_CONVERSION = YES;
				CLANG_WARN_DIRECT_OBJC_ISA_USAGE = YES_ERROR;
				CLANG_WARN_DOCUMENTATION_COMMENTS = YES;
				CLANG_WARN_EMPTY_BODY = YES;
				CLANG_WARN_ENUM_CONVERSION = YES;
				CLANG_WARN_INFINITE_RECURSION = YES;
				CLANG_WARN_INT_CONVERSION = YES;
				CLANG_WARN_NON_LITERAL_NULL_CONVERSION = YES;
				CLANG_WARN_OBJC_LITERAL_CONVERSION = YES;
				CLANG_WARN_OBJC_ROOT_CLASS = YES_ERROR;
				CLANG_WARN_RANGE_LOOP_ANALYSIS = YES;
				CLANG_WARN_STRICT_PROTOTYPES = YES;
				CLANG_WARN_SUSPICIOUS_MOVE = YES;
				CLANG_WARN_UNGUARDED_AVAILABILITY = YES_AGGRESSIVE;
				CLANG_WARN_UNREACHABLE_CODE = YES;
				CLANG_WARN__DUPLICATE_METHOD_MATCH = YES;
				CODE_SIGN_IDENTITY = "iPhone Developer";
				COPY_PHASE_STRIP = NO;
				DEBUG_INFORMATION_FORMAT = dwarf;
				ENABLE_STRICT_OBJC_MSGSEND = YES;
				ENABLE_TESTABILITY = YES;
				GCC_C_LANGUAGE_STANDARD = gnu11;
				GCC_DYNAMIC_NO_PIC = NO;
				GCC_NO_COMMON_BLOCKS = YES;
				GCC_OPTIMIZATION_LEVEL = 0;
				GCC_PREPROCESSOR_DEFINITIONS = (
					"DEBUG=1",
					"$(inherited)",
				);
				GCC_WARN_64_TO_32_BIT_CONVERSION = YES;
				GCC_WARN_ABOUT_RETURN_TYPE = YES_ERROR;
				GCC_WARN_UNDECLARED_SELECTOR = YES;
				GCC_WARN_UNINITIALIZED_AUTOS = YES_AGGRESSIVE;
				GCC_WARN_UNUSED_FUNCTION = YES;
				GCC_WARN_UNUSED_VARIABLE = YES;
				IPHONEOS_DEPLOYMENT_TARGET = 11.0;
				MTL_ENABLE_DEBUG_INFO = YES;
				ONLY_ACTIVE_ARCH = YES;
				SDKROOT = iphoneos;
				SWIFT_ACTIVE_COMPILATION_CONDITIONS = DEBUG;
				SWIFT_OPTIMIZATION_LEVEL = "-Onone";
			};
			name = Debug;
		};
		69CDEB2C2357237D001F93A5 /* Release */ = {
			isa = XCBuildConfiguration;
			buildSettings = {
				ALWAYS_SEARCH_USER_PATHS = NO;
				CLANG_ANALYZER_NONNULL = YES;
				CLANG_ANALYZER_NUMBER_OBJECT_CONVERSION = YES_AGGRESSIVE;
				CLANG_CXX_LANGUAGE_STANDARD = "gnu++14";
				CLANG_CXX_LIBRARY = "libc++";
				CLANG_ENABLE_MODULES = YES;
				CLANG_ENABLE_OBJC_ARC = YES;
				CLANG_WARN_BLOCK_CAPTURE_AUTORELEASING = YES;
				CLANG_WARN_BOOL_CONVERSION = YES;
				CLANG_WARN_COMMA = YES;
				CLANG_WARN_CONSTANT_CONVERSION = YES;
				CLANG_WARN_DIRECT_OBJC_ISA_USAGE = YES_ERROR;
				CLANG_WARN_DOCUMENTATION_COMMENTS = YES;
				CLANG_WARN_EMPTY_BODY = YES;
				CLANG_WARN_ENUM_CONVERSION = YES;
				CLANG_WARN_INFINITE_RECURSION = YES;
				CLANG_WARN_INT_CONVERSION = YES;
				CLANG_WARN_NON_LITERAL_NULL_CONVERSION = YES;
				CLANG_WARN_OBJC_LITERAL_CONVERSION = YES;
				CLANG_WARN_OBJC_ROOT_CLASS = YES_ERROR;
				CLANG_WARN_RANGE_LOOP_ANALYSIS = YES;
				CLANG_WARN_STRICT_PROTOTYPES = YES;
				CLANG_WARN_SUSPICIOUS_MOVE = YES;
				CLANG_WARN_UNGUARDED_AVAILABILITY = YES_AGGRESSIVE;
				CLANG_WARN_UNREACHABLE_CODE = YES;
				CLANG_WARN__DUPLICATE_METHOD_MATCH = YES;
				CODE_SIGN_IDENTITY = "iPhone Developer";
				COPY_PHASE_STRIP = NO;
				DEBUG_INFORMATION_FORMAT = "dwarf-with-dsym";
				ENABLE_NS_ASSERTIONS = NO;
				ENABLE_STRICT_OBJC_MSGSEND = YES;
				GCC_C_LANGUAGE_STANDARD = gnu11;
				GCC_NO_COMMON_BLOCKS = YES;
				GCC_WARN_64_TO_32_BIT_CONVERSION = YES;
				GCC_WARN_ABOUT_RETURN_TYPE = YES_ERROR;
				GCC_WARN_UNDECLARED_SELECTOR = YES;
				GCC_WARN_UNINITIALIZED_AUTOS = YES_AGGRESSIVE;
				GCC_WARN_UNUSED_FUNCTION = YES;
				GCC_WARN_UNUSED_VARIABLE = YES;
				IPHONEOS_DEPLOYMENT_TARGET = 11.0;
				MTL_ENABLE_DEBUG_INFO = NO;
				SDKROOT = iphoneos;
				SWIFT_OPTIMIZATION_LEVEL = "-Owholemodule";
				VALIDATE_PRODUCT = YES;
			};
			name = Release;
		};
		69CDEB2E2357237D001F93A5 /* Debug */ = {
			isa = XCBuildConfiguration;
			buildSettings = {
				ASSETCATALOG_COMPILER_COMPLICATION_NAME = Complication;
				CODE_SIGN_STYLE = Automatic;
				DEVELOPMENT_TEAM = 7H9L7MTT7T;
				INFOPLIST_FILE = "testPNWithProject WatchKit Extension/Info.plist";
				LD_RUNPATH_SEARCH_PATHS = "$(inherited) @executable_path/Frameworks @executable_path/../../Frameworks";
				PRODUCT_BUNDLE_IDENTIFIER = com.sarmady.testPNWithProject.watchkitapp.watchkitextension;
				PRODUCT_NAME = "${TARGET_NAME}";
				SDKROOT = watchos;
				SKIP_INSTALL = YES;
				SWIFT_VERSION = 4.0;
				TARGETED_DEVICE_FAMILY = 4;
				WATCHOS_DEPLOYMENT_TARGET = 4.0;
			};
			name = Debug;
		};
		69CDEB2F2357237D001F93A5 /* Release */ = {
			isa = XCBuildConfiguration;
			buildSettings = {
				ASSETCATALOG_COMPILER_COMPLICATION_NAME = Complication;
				CODE_SIGN_STYLE = Automatic;
				DEVELOPMENT_TEAM = 7H9L7MTT7T;
				INFOPLIST_FILE = "testPNWithProject WatchKit Extension/Info.plist";
				LD_RUNPATH_SEARCH_PATHS = "$(inherited) @executable_path/Frameworks @executable_path/../../Frameworks";
				PRODUCT_BUNDLE_IDENTIFIER = com.sarmady.testPNWithProject.watchkitapp.watchkitextension;
				PRODUCT_NAME = "${TARGET_NAME}";
				SDKROOT = watchos;
				SKIP_INSTALL = YES;
				SWIFT_VERSION = 4.0;
				TARGETED_DEVICE_FAMILY = 4;
				WATCHOS_DEPLOYMENT_TARGET = 4.0;
			};
			name = Release;
		};
		69CDEB322357237D001F93A5 /* Debug */ = {
			isa = XCBuildConfiguration;
			buildSettings = {
				ALWAYS_EMBED_SWIFT_STANDARD_LIBRARIES = YES;
				ASSETCATALOG_COMPILER_APPICON_NAME = AppIcon;
				CODE_SIGN_STYLE = Automatic;
				DEVELOPMENT_TEAM = 7H9L7MTT7T;
				IBSC_MODULE = testPNWithProject_WatchKit_Extension;
				INFOPLIST_FILE = "testPNWithProject WatchKit App/Info.plist";
				PRODUCT_BUNDLE_IDENTIFIER = com.sarmady.testPNWithProject.watchkitapp;
				PRODUCT_NAME = "$(TARGET_NAME)";
				SDKROOT = watchos;
				SKIP_INSTALL = YES;
				SWIFT_VERSION = 4.0;
				TARGETED_DEVICE_FAMILY = 4;
				WATCHOS_DEPLOYMENT_TARGET = 4.0;
			};
			name = Debug;
		};
		69CDEB332357237D001F93A5 /* Release */ = {
			isa = XCBuildConfiguration;
			buildSettings = {
				ALWAYS_EMBED_SWIFT_STANDARD_LIBRARIES = YES;
				ASSETCATALOG_COMPILER_APPICON_NAME = AppIcon;
				CODE_SIGN_STYLE = Automatic;
				DEVELOPMENT_TEAM = 7H9L7MTT7T;
				IBSC_MODULE = testPNWithProject_WatchKit_Extension;
				INFOPLIST_FILE = "testPNWithProject WatchKit App/Info.plist";
				PRODUCT_BUNDLE_IDENTIFIER = com.sarmady.testPNWithProject.watchkitapp;
				PRODUCT_NAME = "$(TARGET_NAME)";
				SDKROOT = watchos;
				SKIP_INSTALL = YES;
				SWIFT_VERSION = 4.0;
				TARGETED_DEVICE_FAMILY = 4;
				WATCHOS_DEPLOYMENT_TARGET = 4.0;
			};
			name = Release;
		};
		69CDEB362357237D001F93A5 /* Debug */ = {
			isa = XCBuildConfiguration;
			buildSettings = {
				ASSETCATALOG_COMPILER_APPICON_NAME = AppIcon;
				CODE_SIGN_STYLE = Automatic;
				DEVELOPMENT_TEAM = 7H9L7MTT7T;
				INFOPLIST_FILE = testPNWithProject/Info.plist;
				LD_RUNPATH_SEARCH_PATHS = "$(inherited) @executable_path/Frameworks";
				PRODUCT_BUNDLE_IDENTIFIER = com.sarmady.testPNWithProject;
				PRODUCT_NAME = "$(TARGET_NAME)";
				SWIFT_VERSION = 4.0;
				TARGETED_DEVICE_FAMILY = "1,2";
			};
			name = Debug;
		};
		69CDEB372357237D001F93A5 /* Release */ = {
			isa = XCBuildConfiguration;
			buildSettings = {
				ASSETCATALOG_COMPILER_APPICON_NAME = AppIcon;
				CODE_SIGN_STYLE = Automatic;
				DEVELOPMENT_TEAM = 7H9L7MTT7T;
				INFOPLIST_FILE = testPNWithProject/Info.plist;
				LD_RUNPATH_SEARCH_PATHS = "$(inherited) @executable_path/Frameworks";
				PRODUCT_BUNDLE_IDENTIFIER = com.sarmady.testPNWithProject;
				PRODUCT_NAME = "$(TARGET_NAME)";
				SWIFT_VERSION = 4.0;
				TARGETED_DEVICE_FAMILY = "1,2";
			};
			name = Release;
		};
/* End XCBuildConfiguration section */

/* Begin XCConfigurationList section */
		69CDEAF62357237A001F93A5 /* Build configuration list for PBXProject "testPNWithProject" */ = {
			isa = XCConfigurationList;
			buildConfigurations = (
				69CDEB2B2357237D001F93A5 /* Debug */,
				69CDEB2C2357237D001F93A5 /* Release */,
			);
			defaultConfigurationIsVisible = 0;
			defaultConfigurationName = Release;
		};
		69CDEB2D2357237D001F93A5 /* Build configuration list for PBXNativeTarget "testPNWithProject WatchKit Extension" */ = {
			isa = XCConfigurationList;
			buildConfigurations = (
				69CDEB2E2357237D001F93A5 /* Debug */,
				69CDEB2F2357237D001F93A5 /* Release */,
			);
			defaultConfigurationIsVisible = 0;
			defaultConfigurationName = Release;
		};
		69CDEB312357237D001F93A5 /* Build configuration list for PBXNativeTarget "testPNWithProject WatchKit App" */ = {
			isa = XCConfigurationList;
			buildConfigurations = (
				69CDEB322357237D001F93A5 /* Debug */,
				69CDEB332357237D001F93A5 /* Release */,
			);
			defaultConfigurationIsVisible = 0;
			defaultConfigurationName = Release;
		};
		69CDEB352357237D001F93A5 /* Build configuration list for PBXNativeTarget "testPNWithProject" */ = {
			isa = XCConfigurationList;
			buildConfigurations = (
				69CDEB362357237D001F93A5 /* Debug */,
				69CDEB372357237D001F93A5 /* Release */,
			);
			defaultConfigurationIsVisible = 0;
			defaultConfigurationName = Release;
		};
/* End XCConfigurationList section */
	};
	rootObject = 69CDEAF32357237A001F93A5 /* Project object */;
}
